// !$*UTF8*$!
{
	archiveVersion = 1;
	classes = {
	};
	objectVersion = 77;
	objects = {

/* Begin PBXBuildFile section */
		1119CC242F977338002A7E20 /* SwiftSoup in Frameworks */ = {isa = PBXBuildFile; productRef = 1119CC232F977338002A7E20 /* SwiftSoup */; };
		A1B2C3D4E5F6000000000001 /* LeafyWidgetExtension.appex in Embed Foundation Extensions */ = {isa = PBXBuildFile; fileRef = A1B2C3D4E5F6000000000002 /* LeafyWidgetExtension.appex */; settings = {ATTRIBUTES = (RemoveHeadersOnCopy, ); }; };
		F00D00000000000000000001 /* LeafyShareExtension.appex in Embed Foundation Extensions */ = {isa = PBXBuildFile; fileRef = F00D00000000000000000002 /* LeafyShareExtension.appex */; settings = {ATTRIBUTES = (RemoveHeadersOnCopy, ); }; };
		F1A0B1C2D3E4F50102030407 /* Supabase in Frameworks */ = {isa = PBXBuildFile; productRef = F1A0B1C2D3E4F50102030406 /* Supabase */; };
/* End PBXBuildFile section */

/* Begin PBXContainerItemProxy section */
		A1B2C3D4E5F600000000000C /* PBXContainerItemProxy */ = {
			isa = PBXContainerItemProxy;
			containerPortal = 1119CC042F976BA0002A7E20 /* Project object */;
			proxyType = 1;
			remoteGlobalIDString = A1B2C3D4E5F6000000000009;
			remoteInfo = LeafyWidgetExtension;
		};
		EED10000000000000000000B /* PBXContainerItemProxy */ = {
			isa = PBXContainerItemProxy;
			containerPortal = 1119CC042F976BA0002A7E20 /* Project object */;
			proxyType = 1;
			remoteGlobalIDString = 1119CC0B2F976BA0002A7E20;
			remoteInfo = Leafy;
		};
		F00D0000000000000000000C /* PBXContainerItemProxy */ = {
			isa = PBXContainerItemProxy;
			containerPortal = 1119CC042F976BA0002A7E20 /* Project object */;
			proxyType = 1;
			remoteGlobalIDString = F00D00000000000000000009;
			remoteInfo = LeafyShareExtension;
		};
/* End PBXContainerItemProxy section */

/* Begin PBXCopyFilesBuildPhase section */
		A1B2C3D4E5F6000000000005 /* Embed Foundation Extensions */ = {
			isa = PBXCopyFilesBuildPhase;
			buildActionMask = 2147483647;
			dstPath = "";
			dstSubfolderSpec = 13;
			files = (
				A1B2C3D4E5F6000000000001 /* LeafyWidgetExtension.appex in Embed Foundation Extensions */,
				F00D00000000000000000001 /* LeafyShareExtension.appex in Embed Foundation Extensions */,
			);
			name = "Embed Foundation Extensions";
			runOnlyForDeploymentPostprocessing = 0;
		};
/* End PBXCopyFilesBuildPhase section */

/* Begin PBXFileReference section */
		1119CC0C2F976BA0002A7E20 /* Leafy.app */ = {isa = PBXFileReference; explicitFileType = wrapper.application; includeInIndex = 0; path = Leafy.app; sourceTree = BUILT_PRODUCTS_DIR; };
		A1B2C3D4E5F6000000000002 /* LeafyWidgetExtension.appex */ = {isa = PBXFileReference; explicitFileType = "wrapper.app-extension"; includeInIndex = 0; path = LeafyWidgetExtension.appex; sourceTree = BUILT_PRODUCTS_DIR; };
		C0DEC0DE0000000000000002 /* Leafy.xcconfig */ = {isa = PBXFileReference; lastKnownFileType = text.xcconfig; path = Leafy.xcconfig; sourceTree = "<group>"; };
		C0DEC0DE0000000000000003 /* Leafy.example.xcconfig */ = {isa = PBXFileReference; lastKnownFileType = text.xcconfig; path = Leafy.example.xcconfig; sourceTree = "<group>"; };
		EED100000000000000000001 /* leafyTests.xctest */ = {isa = PBXFileReference; explicitFileType = wrapper.cfbundle; includeInIndex = 0; path = leafyTests.xctest; sourceTree = BUILT_PRODUCTS_DIR; };
		F00D00000000000000000002 /* LeafyShareExtension.appex */ = {isa = PBXFileReference; explicitFileType = "wrapper.app-extension"; includeInIndex = 0; path = LeafyShareExtension.appex; sourceTree = BUILT_PRODUCTS_DIR; };
/* End PBXFileReference section */

/* Begin PBXFileSystemSynchronizedBuildFileExceptionSet section */
		BEEFBEEF0000000000000001 /* Exceptions for "leafy" folder in "Leafy" target */ = {
			isa = PBXFileSystemSynchronizedBuildFileExceptionSet;
			membershipExceptions = (
				Resources/Info.plist,
			);
			target = 1119CC0B2F976BA0002A7E20 /* Leafy */;
		};
		BEEFBEEF0000000000000002 /* Exceptions for "leafyWidget" folder in "LeafyWidgetExtension" target */ = {
			isa = PBXFileSystemSynchronizedBuildFileExceptionSet;
			membershipExceptions = (
				Info.plist,
			);
			target = A1B2C3D4E5F6000000000009 /* LeafyWidgetExtension */;
		};
		F00D00000000000000000005 /* Exceptions for "LeafyShareExtension" folder in "LeafyShareExtension" target */ = {
			isa = PBXFileSystemSynchronizedBuildFileExceptionSet;
			membershipExceptions = (
				Info.plist,
			);
			target = F00D00000000000000000009 /* LeafyShareExtension */;
		};
/* End PBXFileSystemSynchronizedBuildFileExceptionSet section */

/* Begin PBXFileSystemSynchronizedRootGroup section */
		1119CC0E2F976BA0002A7E20 /* leafy */ = {
			isa = PBXFileSystemSynchronizedRootGroup;
			exceptions = (
				BEEFBEEF0000000000000001 /* Exceptions for "leafy" folder in "Leafy" target */,
			);
			path = leafy;
			sourceTree = "<group>";
		};
		A1B2C3D4E5F6000000000003 /* leafyWidget */ = {
			isa = PBXFileSystemSynchronizedRootGroup;
			exceptions = (
				BEEFBEEF0000000000000002 /* Exceptions for "leafyWidget" folder in "LeafyWidgetExtension" target */,
			);
			path = leafyWidget;
			sourceTree = "<group>";
		};
		A1B2C3D4E5F6000000000004 /* LeafyWidgetShared */ = {
			isa = PBXFileSystemSynchronizedRootGroup;
			path = LeafyWidgetShared;
			sourceTree = "<group>";
		};
		DAD100000000000000000001 /* LeafyExternalImportShared */ = {
			isa = PBXFileSystemSynchronizedRootGroup;
			path = LeafyExternalImportShared;
			sourceTree = "<group>";
		};
		EED100000000000000000002 /* leafyTests */ = {
			isa = PBXFileSystemSynchronizedRootGroup;
			path = leafyTests;
			sourceTree = "<group>";
		};
		F00D00000000000000000003 /* LeafyShareExtension */ = {
			isa = PBXFileSystemSynchronizedRootGroup;
			exceptions = (
				F00D00000000000000000005 /* Exceptions for "LeafyShareExtension" folder in "LeafyShareExtension" target */,
			);
			path = LeafyShareExtension;
			sourceTree = "<group>";
		};
/* End PBXFileSystemSynchronizedRootGroup section */

/* Begin PBXFrameworksBuildPhase section */
		1119CC092F976BA0002A7E20 /* Frameworks */ = {
			isa = PBXFrameworksBuildPhase;
			buildActionMask = 2147483647;
			files = (
				F1A0B1C2D3E4F50102030407 /* Supabase in Frameworks */,
				1119CC242F977338002A7E20 /* SwiftSoup in Frameworks */,
			);
			runOnlyForDeploymentPostprocessing = 0;
		};
		A1B2C3D4E5F6000000000006 /* Frameworks */ = {
			isa = PBXFrameworksBuildPhase;
			buildActionMask = 2147483647;
			files = (
			);
			runOnlyForDeploymentPostprocessing = 0;
		};
		EED100000000000000000004 /* Frameworks */ = {
			isa = PBXFrameworksBuildPhase;
			buildActionMask = 2147483647;
			files = (
			);
			runOnlyForDeploymentPostprocessing = 0;
		};
		F00D00000000000000000006 /* Frameworks */ = {
			isa = PBXFrameworksBuildPhase;
			buildActionMask = 2147483647;
			files = (
			);
			runOnlyForDeploymentPostprocessing = 0;
		};
/* End PBXFrameworksBuildPhase section */

/* Begin PBXGroup section */
		1119CC032F976BA0002A7E20 = {
			isa = PBXGroup;
			children = (
				C0DEC0DE0000000000000001 /* Config */,
				1119CC0E2F976BA0002A7E20 /* leafy */,
				A1B2C3D4E5F6000000000003 /* leafyWidget */,
				A1B2C3D4E5F6000000000004 /* LeafyWidgetShared */,
				DAD100000000000000000001 /* LeafyExternalImportShared */,
				F00D00000000000000000003 /* LeafyShareExtension */,
				EED100000000000000000002 /* leafyTests */,
				1119CC0D2F976BA0002A7E20 /* Products */,
			);
			sourceTree = "<group>";
		};
		1119CC0D2F976BA0002A7E20 /* Products */ = {
			isa = PBXGroup;
			children = (
				1119CC0C2F976BA0002A7E20 /* Leafy.app */,
				A1B2C3D4E5F6000000000002 /* LeafyWidgetExtension.appex */,
				F00D00000000000000000002 /* LeafyShareExtension.appex */,
				EED100000000000000000001 /* leafyTests.xctest */,
			);
			name = Products;
			sourceTree = "<group>";
		};
		C0DEC0DE0000000000000001 /* Config */ = {
			isa = PBXGroup;
			children = (
				C0DEC0DE0000000000000002 /* Leafy.xcconfig */,
				C0DEC0DE0000000000000003 /* Leafy.example.xcconfig */,
			);
			path = Config;
			sourceTree = "<group>";
		};
/* End PBXGroup section */

/* Begin PBXNativeTarget section */
		1119CC0B2F976BA0002A7E20 /* Leafy */ = {
			isa = PBXNativeTarget;
			buildConfigurationList = 1119CC192F976BA2002A7E20 /* Build configuration list for PBXNativeTarget "Leafy" */;
			buildPhases = (
				1119CC082F976BA0002A7E20 /* Sources */,
				1119CC092F976BA0002A7E20 /* Frameworks */,
				1119CC0A2F976BA0002A7E20 /* Resources */,
				A1B2C3D4E5F6000000000005 /* Embed Foundation Extensions */,
			);
			buildRules = (
			);
			dependencies = (
				A1B2C3D4E5F600000000000B /* PBXTargetDependency */,
				F00D0000000000000000000B /* PBXTargetDependency */,
			);
			fileSystemSynchronizedGroups = (
				1119CC0E2F976BA0002A7E20 /* leafy */,
				A1B2C3D4E5F6000000000004 /* LeafyWidgetShared */,
				DAD100000000000000000001 /* LeafyExternalImportShared */,
			);
			name = Leafy;
			packageProductDependencies = (
				F1A0B1C2D3E4F50102030406 /* Supabase */,
				1119CC232F977338002A7E20 /* SwiftSoup */,
			);
			productName = Leafy;
			productReference = 1119CC0C2F976BA0002A7E20 /* Leafy.app */;
			productType = "com.apple.product-type.application";
		};
		A1B2C3D4E5F6000000000009 /* LeafyWidgetExtension */ = {
			isa = PBXNativeTarget;
			buildConfigurationList = A1B2C3D4E5F600000000000A /* Build configuration list for PBXNativeTarget "LeafyWidgetExtension" */;
			buildPhases = (
				A1B2C3D4E5F6000000000008 /* Sources */,
				A1B2C3D4E5F6000000000006 /* Frameworks */,
				A1B2C3D4E5F6000000000007 /* Resources */,
			);
			buildRules = (
			);
			dependencies = (
			);
			fileSystemSynchronizedGroups = (
				A1B2C3D4E5F6000000000003 /* leafyWidget */,
				A1B2C3D4E5F6000000000004 /* LeafyWidgetShared */,
			);
			name = LeafyWidgetExtension;
			packageProductDependencies = (
			);
			productName = LeafyWidgetExtension;
			productReference = A1B2C3D4E5F6000000000002 /* LeafyWidgetExtension.appex */;
			productType = "com.apple.product-type.app-extension";
		};
		EED100000000000000000006 /* leafyTests */ = {
			isa = PBXNativeTarget;
			buildConfigurationList = EED100000000000000000009 /* Build configuration list for PBXNativeTarget "leafyTests" */;
			buildPhases = (
				EED100000000000000000003 /* Sources */,
				EED100000000000000000004 /* Frameworks */,
				EED100000000000000000005 /* Resources */,
			);
			buildRules = (
			);
			dependencies = (
				EED10000000000000000000A /* PBXTargetDependency */,
			);
			fileSystemSynchronizedGroups = (
				EED100000000000000000002 /* leafyTests */,
			);
			name = leafyTests;
			packageProductDependencies = (
			);
			productName = leafyTests;
			productReference = EED100000000000000000001 /* leafyTests.xctest */;
			productType = "com.apple.product-type.bundle.unit-test";
		};
		F00D00000000000000000009 /* LeafyShareExtension */ = {
			isa = PBXNativeTarget;
			buildConfigurationList = F00D0000000000000000000A /* Build configuration list for PBXNativeTarget "LeafyShareExtension" */;
			buildPhases = (
				F00D00000000000000000008 /* Sources */,
				F00D00000000000000000006 /* Frameworks */,
				F00D00000000000000000007 /* Resources */,
			);
			buildRules = (
			);
			dependencies = (
			);
			fileSystemSynchronizedGroups = (
				DAD100000000000000000001 /* LeafyExternalImportShared */,
				F00D00000000000000000003 /* LeafyShareExtension */,
			);
			name = LeafyShareExtension;
			packageProductDependencies = (
			);
			productName = LeafyShareExtension;
			productReference = F00D00000000000000000002 /* LeafyShareExtension.appex */;
			productType = "com.apple.product-type.app-extension";
		};
/* End PBXNativeTarget section */

/* Begin PBXProject section */
		1119CC042F976BA0002A7E20 /* Project object */ = {
			isa = PBXProject;
			attributes = {
				BuildIndependentTargetsInParallel = 1;
				LastSwiftUpdateCheck = 2640;
				LastUpgradeCheck = 2650;
				TargetAttributes = {
					1119CC0B2F976BA0002A7E20 = {
						CreatedOnToolsVersion = 26.4;
					};
					A1B2C3D4E5F6000000000009 = {
						CreatedOnToolsVersion = 26.4;
					};
					EED100000000000000000006 = {
						CreatedOnToolsVersion = 26.4;
						TestTargetID = 1119CC0B2F976BA0002A7E20;
					};
					F00D00000000000000000009 = {
						CreatedOnToolsVersion = 26.4;
					};
				};
			};
			buildConfigurationList = 1119CC072F976BA0002A7E20 /* Build configuration list for PBXProject "leafy" */;
			developmentRegion = "zh-Hans";
			hasScannedForEncodings = 0;
			knownRegions = (
				"zh-Hans",
				Base,
			);
			mainGroup = 1119CC032F976BA0002A7E20;
			minimizedProjectReferenceProxies = 1;
			packageReferences = (
				F1A0B1C2D3E4F50102030404 /* XCRemoteSwiftPackageReference "supabase-swift" */,
				1119CC222F977338002A7E20 /* XCRemoteSwiftPackageReference "SwiftSoup" */,
			);
			preferredProjectObjectVersion = 77;
			productRefGroup = 1119CC0D2F976BA0002A7E20 /* Products */;
			projectDirPath = "";
			projectRoot = "";
			targets = (
				1119CC0B2F976BA0002A7E20 /* Leafy */,
				A1B2C3D4E5F6000000000009 /* LeafyWidgetExtension */,
				F00D00000000000000000009 /* LeafyShareExtension */,
				EED100000000000000000006 /* leafyTests */,
			);
		};
/* End PBXProject section */

/* Begin PBXResourcesBuildPhase section */
		1119CC0A2F976BA0002A7E20 /* Resources */ = {
			isa = PBXResourcesBuildPhase;
			buildActionMask = 2147483647;
			files = (
			);
			runOnlyForDeploymentPostprocessing = 0;
		};
		A1B2C3D4E5F6000000000007 /* Resources */ = {
			isa = PBXResourcesBuildPhase;
			buildActionMask = 2147483647;
			files = (
			);
			runOnlyForDeploymentPostprocessing = 0;
		};
		EED100000000000000000005 /* Resources */ = {
			isa = PBXResourcesBuildPhase;
			buildActionMask = 2147483647;
			files = (
			);
			runOnlyForDeploymentPostprocessing = 0;
		};
		F00D00000000000000000007 /* Resources */ = {
			isa = PBXResourcesBuildPhase;
			buildActionMask = 2147483647;
			files = (
			);
			runOnlyForDeploymentPostprocessing = 0;
		};
/* End PBXResourcesBuildPhase section */

/* Begin PBXSourcesBuildPhase section */
		1119CC082F976BA0002A7E20 /* Sources */ = {
			isa = PBXSourcesBuildPhase;
			buildActionMask = 2147483647;
			files = (
			);
			runOnlyForDeploymentPostprocessing = 0;
		};
		A1B2C3D4E5F6000000000008 /* Sources */ = {
			isa = PBXSourcesBuildPhase;
			buildActionMask = 2147483647;
			files = (
			);
			runOnlyForDeploymentPostprocessing = 0;
		};
		EED100000000000000000003 /* Sources */ = {
			isa = PBXSourcesBuildPhase;
			buildActionMask = 2147483647;
			files = (
			);
			runOnlyForDeploymentPostprocessing = 0;
		};
		F00D00000000000000000008 /* Sources */ = {
			isa = PBXSourcesBuildPhase;
			buildActionMask = 2147483647;
			files = (
			);
			runOnlyForDeploymentPostprocessing = 0;
		};
/* End PBXSourcesBuildPhase section */

/* Begin PBXTargetDependency section */
		A1B2C3D4E5F600000000000B /* PBXTargetDependency */ = {
			isa = PBXTargetDependency;
			target = A1B2C3D4E5F6000000000009 /* LeafyWidgetExtension */;
			targetProxy = A1B2C3D4E5F600000000000C /* PBXContainerItemProxy */;
		};
		EED10000000000000000000A /* PBXTargetDependency */ = {
			isa = PBXTargetDependency;
			target = 1119CC0B2F976BA0002A7E20 /* Leafy */;
			targetProxy = EED10000000000000000000B /* PBXContainerItemProxy */;
		};
		F00D0000000000000000000B /* PBXTargetDependency */ = {
			isa = PBXTargetDependency;
			target = F00D00000000000000000009 /* LeafyShareExtension */;
			targetProxy = F00D0000000000000000000C /* PBXContainerItemProxy */;
		};
/* End PBXTargetDependency section */

/* Begin XCBuildConfiguration section */
		1119CC172F976BA2002A7E20 /* Debug */ = {
			isa = XCBuildConfiguration;
			buildSettings = {
				ALWAYS_SEARCH_USER_PATHS = NO;
				ASSETCATALOG_COMPILER_GENERATE_SWIFT_ASSET_SYMBOL_EXTENSIONS = YES;
				CLANG_ANALYZER_LOCALIZABILITY_NONLOCALIZED = YES;
				CLANG_ANALYZER_NONNULL = YES;
				CLANG_ANALYZER_NUMBER_OBJECT_CONVERSION = YES_AGGRESSIVE;
				CLANG_CXX_LANGUAGE_STANDARD = "gnu++20";
				CLANG_ENABLE_MODULES = YES;
				CLANG_ENABLE_OBJC_ARC = YES;
				CLANG_ENABLE_OBJC_WEAK = YES;
				CLANG_WARN_BLOCK_CAPTURE_AUTORELEASING = YES;
				CLANG_WARN_BOOL_CONVERSION = YES;
				CLANG_WARN_COMMA = YES;
				CLANG_WARN_CONSTANT_CONVERSION = YES;
				CLANG_WARN_DEPRECATED_OBJC_IMPLEMENTATIONS = YES;
				CLANG_WARN_DIRECT_OBJC_ISA_USAGE = YES_ERROR;
				CLANG_WARN_DOCUMENTATION_COMMENTS = YES;
				CLANG_WARN_EMPTY_BODY = YES;
				CLANG_WARN_ENUM_CONVERSION = YES;
				CLANG_WARN_INFINITE_RECURSION = YES;
				CLANG_WARN_INT_CONVERSION = YES;
				CLANG_WARN_NON_LITERAL_NULL_CONVERSION = YES;
				CLANG_WARN_OBJC_IMPLICIT_RETAIN_SELF = YES;
				CLANG_WARN_OBJC_LITERAL_CONVERSION = YES;
				CLANG_WARN_OBJC_ROOT_CLASS = YES_ERROR;
				CLANG_WARN_QUOTED_INCLUDE_IN_FRAMEWORK_HEADER = YES;
				CLANG_WARN_RANGE_LOOP_ANALYSIS = YES;
				CLANG_WARN_STRICT_PROTOTYPES = YES;
				CLANG_WARN_SUSPICIOUS_MOVE = YES;
				CLANG_WARN_UNGUARDED_AVAILABILITY = YES_AGGRESSIVE;
				CLANG_WARN_UNREACHABLE_CODE = YES;
				CLANG_WARN__DUPLICATE_METHOD_MATCH = YES;
				COPY_PHASE_STRIP = NO;
				DEBUG_INFORMATION_FORMAT = dwarf;
				DEVELOPMENT_TEAM = G229WP43HH;
				ENABLE_STRICT_OBJC_MSGSEND = YES;
				ENABLE_TESTABILITY = YES;
				ENABLE_USER_SCRIPT_SANDBOXING = YES;
				GCC_C_LANGUAGE_STANDARD = gnu17;
				GCC_DYNAMIC_NO_PIC = NO;
				GCC_NO_COMMON_BLOCKS = YES;
				GCC_OPTIMIZATION_LEVEL = 0;
				GCC_PREPROCESSOR_DEFINITIONS = (
					"DEBUG=1",
					"$(inherited)",
				);
				GCC_WARN_64_TO_32_BIT_CONVERSION = YES;
				GCC_WARN_ABOUT_RETURN_TYPE = YES_ERROR;
				GCC_WARN_UNDECLARED_SELECTOR = YES;
				GCC_WARN_UNINITIALIZED_AUTOS = YES_AGGRESSIVE;
				GCC_WARN_UNUSED_FUNCTION = YES;
				GCC_WARN_UNUSED_VARIABLE = YES;
				IPHONEOS_DEPLOYMENT_TARGET = 17.0;
				LOCALIZATION_PREFERS_STRING_CATALOGS = YES;
				MTL_ENABLE_DEBUG_INFO = INCLUDE_SOURCE;
				MTL_FAST_MATH = YES;
				ONLY_ACTIVE_ARCH = YES;
				SDKROOT = iphoneos;
				STRING_CATALOG_GENERATE_SYMBOLS = YES;
				SWIFT_ACTIVE_COMPILATION_CONDITIONS = "DEBUG $(inherited)";
				SWIFT_OPTIMIZATION_LEVEL = "-Onone";
			};
			name = Debug;
		};
		1119CC182F976BA2002A7E20 /* Release */ = {
			isa = XCBuildConfiguration;
			buildSettings = {
				ALWAYS_SEARCH_USER_PATHS = NO;
				ASSETCATALOG_COMPILER_GENERATE_SWIFT_ASSET_SYMBOL_EXTENSIONS = YES;
				CLANG_ANALYZER_LOCALIZABILITY_NONLOCALIZED = YES;
				CLANG_ANALYZER_NONNULL = YES;
				CLANG_ANALYZER_NUMBER_OBJECT_CONVERSION = YES_AGGRESSIVE;
				CLANG_CXX_LANGUAGE_STANDARD = "gnu++20";
				CLANG_ENABLE_MODULES = YES;
				CLANG_ENABLE_OBJC_ARC = YES;
				CLANG_ENABLE_OBJC_WEAK = YES;
				CLANG_WARN_BLOCK_CAPTURE_AUTORELEASING = YES;
				CLANG_WARN_BOOL_CONVERSION = YES;
				CLANG_WARN_COMMA = YES;
				CLANG_WARN_CONSTANT_CONVERSION = YES;
				CLANG_WARN_DEPRECATED_OBJC_IMPLEMENTATIONS = YES;
				CLANG_WARN_DIRECT_OBJC_ISA_USAGE = YES_ERROR;
				CLANG_WARN_DOCUMENTATION_COMMENTS = YES;
				CLANG_WARN_EMPTY_BODY = YES;
				CLANG_WARN_ENUM_CONVERSION = YES;
				CLANG_WARN_INFINITE_RECURSION = YES;
				CLANG_WARN_INT_CONVERSION = YES;
				CLANG_WARN_NON_LITERAL_NULL_CONVERSION = YES;
				CLANG_WARN_OBJC_IMPLICIT_RETAIN_SELF = YES;
				CLANG_WARN_OBJC_LITERAL_CONVERSION = YES;
				CLANG_WARN_OBJC_ROOT_CLASS = YES_ERROR;
				CLANG_WARN_QUOTED_INCLUDE_IN_FRAMEWORK_HEADER = YES;
				CLANG_WARN_RANGE_LOOP_ANALYSIS = YES;
				CLANG_WARN_STRICT_PROTOTYPES = YES;
				CLANG_WARN_SUSPICIOUS_MOVE = YES;
				CLANG_WARN_UNGUARDED_AVAILABILITY = YES_AGGRESSIVE;
				CLANG_WARN_UNREACHABLE_CODE = YES;
				CLANG_WARN__DUPLICATE_METHOD_MATCH = YES;
				COPY_PHASE_STRIP = NO;
				DEBUG_INFORMATION_FORMAT = "dwarf-with-dsym";
				DEVELOPMENT_TEAM = G229WP43HH;
				ENABLE_NS_ASSERTIONS = NO;
				ENABLE_STRICT_OBJC_MSGSEND = YES;
				ENABLE_USER_SCRIPT_SANDBOXING = YES;
				GCC_C_LANGUAGE_STANDARD = gnu17;
				GCC_NO_COMMON_BLOCKS = YES;
				GCC_WARN_64_TO_32_BIT_CONVERSION = YES;
				GCC_WARN_ABOUT_RETURN_TYPE = YES_ERROR;
				GCC_WARN_UNDECLARED_SELECTOR = YES;
				GCC_WARN_UNINITIALIZED_AUTOS = YES_AGGRESSIVE;
				GCC_WARN_UNUSED_FUNCTION = YES;
				GCC_WARN_UNUSED_VARIABLE = YES;
				IPHONEOS_DEPLOYMENT_TARGET = 17.0;
				LOCALIZATION_PREFERS_STRING_CATALOGS = YES;
				MTL_ENABLE_DEBUG_INFO = NO;
				MTL_FAST_MATH = YES;
				SDKROOT = iphoneos;
				STRING_CATALOG_GENERATE_SYMBOLS = YES;
				SWIFT_COMPILATION_MODE = wholemodule;
				VALIDATE_PRODUCT = YES;
			};
			name = Release;
		};
		1119CC1A2F976BA2002A7E20 /* Debug */ = {
			isa = XCBuildConfiguration;
			baseConfigurationReference = C0DEC0DE0000000000000002 /* Leafy.xcconfig */;
			buildSettings = {
				ASSETCATALOG_COMPILER_ALTERNATE_APPICON_NAMES = "AppIconTiffanyBlue AppIconCandyPink";
				ASSETCATALOG_COMPILER_APPICON_NAME = AppIcon;
				ASSETCATALOG_COMPILER_GLOBAL_ACCENT_COLOR_NAME = AccentColor;
				CODE_SIGN_ENTITLEMENTS = leafy/leafy.entitlements;
				CODE_SIGN_IDENTITY = "Apple Development";
				CODE_SIGN_STYLE = Automatic;
				CURRENT_PROJECT_VERSION = 19;
				DEVELOPMENT_TEAM = G229WP43HH;
				ENABLE_PREVIEWS = YES;
				GENERATE_INFOPLIST_FILE = YES;
				INFOPLIST_FILE = leafy/Resources/Info.plist;
				INFOPLIST_KEY_CFBundleDisplayName = MyLeafy;
				INFOPLIST_KEY_CFBundleURLTypes = "{\n    CFBundleURLName = \"com.isaachuo.leafy\";\n    CFBundleURLSchemes =     (\n        leafy\n    );\n}";
				INFOPLIST_KEY_LSApplicationCategoryType = "public.app-category.education";
				INFOPLIST_KEY_UIApplicationSceneManifest_Generation = YES;
				INFOPLIST_KEY_UIApplicationSupportsIndirectInputEvents = YES;
				INFOPLIST_KEY_UILaunchScreen_Generation = YES;
				INFOPLIST_KEY_UISupportedInterfaceOrientations_iPad = "UIInterfaceOrientationPortrait UIInterfaceOrientationPortraitUpsideDown UIInterfaceOrientationLandscapeLeft UIInterfaceOrientationLandscapeRight";
				INFOPLIST_KEY_UISupportedInterfaceOrientations_iPhone = "UIInterfaceOrientationPortrait UIInterfaceOrientationLandscapeLeft UIInterfaceOrientationLandscapeRight";
				LD_RUNPATH_SEARCH_PATHS = (
					"$(inherited)",
					"@executable_path/Frameworks",
				);
				MARKETING_VERSION = 2.5;
				PRODUCT_BUNDLE_IDENTIFIER = com.isaachuo.leafy;
				PRODUCT_NAME = Leafy;
				PROVISIONING_PROFILE_SPECIFIER = "";
				STRING_CATALOG_GENERATE_SYMBOLS = YES;
				SWIFT_APPROACHABLE_CONCURRENCY = YES;
				SWIFT_DEFAULT_ACTOR_ISOLATION = MainActor;
				SWIFT_EMIT_LOC_STRINGS = YES;
				SWIFT_UPCOMING_FEATURE_MEMBER_IMPORT_VISIBILITY = YES;
				SWIFT_VERSION = 5.0;
				TARGETED_DEVICE_FAMILY = "1,2";
			};
			name = Debug;
		};
		1119CC1B2F976BA2002A7E20 /* Release */ = {
			isa = XCBuildConfiguration;
			baseConfigurationReference = C0DEC0DE0000000000000002 /* Leafy.xcconfig */;
			buildSettings = {
				ASSETCATALOG_COMPILER_ALTERNATE_APPICON_NAMES = "AppIconTiffanyBlue AppIconCandyPink";
				ASSETCATALOG_COMPILER_APPICON_NAME = AppIcon;
				ASSETCATALOG_COMPILER_GLOBAL_ACCENT_COLOR_NAME = AccentColor;
				CODE_SIGN_ENTITLEMENTS = leafy/leafy.entitlements;
				CODE_SIGN_IDENTITY = "Apple Development";
				CODE_SIGN_STYLE = Automatic;
				CURRENT_PROJECT_VERSION = 19;
				DEVELOPMENT_TEAM = G229WP43HH;
				ENABLE_PREVIEWS = YES;
				GENERATE_INFOPLIST_FILE = YES;
				INFOPLIST_FILE = leafy/Resources/Info.plist;
				INFOPLIST_KEY_CFBundleDisplayName = MyLeafy;
				INFOPLIST_KEY_CFBundleURLTypes = "{\n    CFBundleURLName = \"com.isaachuo.leafy\";\n    CFBundleURLSchemes =     (\n        leafy\n    );\n}";
				INFOPLIST_KEY_LSApplicationCategoryType = "public.app-category.education";
				INFOPLIST_KEY_UIApplicationSceneManifest_Generation = YES;
				INFOPLIST_KEY_UIApplicationSupportsIndirectInputEvents = YES;
				INFOPLIST_KEY_UILaunchScreen_Generation = YES;
				INFOPLIST_KEY_UISupportedInterfaceOrientations_iPad = "UIInterfaceOrientationPortrait UIInterfaceOrientationPortraitUpsideDown UIInterfaceOrientationLandscapeLeft UIInterfaceOrientationLandscapeRight";
				INFOPLIST_KEY_UISupportedInterfaceOrientations_iPhone = "UIInterfaceOrientationPortrait UIInterfaceOrientationLandscapeLeft UIInterfaceOrientationLandscapeRight";
				LD_RUNPATH_SEARCH_PATHS = (
					"$(inherited)",
					"@executable_path/Frameworks",
				);
				MARKETING_VERSION = 2.5;
				PRODUCT_BUNDLE_IDENTIFIER = com.isaachuo.leafy;
				PRODUCT_NAME = Leafy;
				PROVISIONING_PROFILE_SPECIFIER = "";
				STRING_CATALOG_GENERATE_SYMBOLS = YES;
				SWIFT_APPROACHABLE_CONCURRENCY = YES;
				SWIFT_DEFAULT_ACTOR_ISOLATION = MainActor;
				SWIFT_EMIT_LOC_STRINGS = YES;
				SWIFT_UPCOMING_FEATURE_MEMBER_IMPORT_VISIBILITY = YES;
				SWIFT_VERSION = 5.0;
				TARGETED_DEVICE_FAMILY = "1,2";
			};
			name = Release;
		};
		A1B2C3D4E5F600000000000D /* Debug */ = {
			isa = XCBuildConfiguration;
			baseConfigurationReference = C0DEC0DE0000000000000002 /* Leafy.xcconfig */;
			buildSettings = {
				CODE_SIGN_ENTITLEMENTS = leafyWidget/leafyWidget.entitlements;
				CODE_SIGN_STYLE = Automatic;
				CURRENT_PROJECT_VERSION = 19;
				DEVELOPMENT_TEAM = G229WP43HH;
				ENABLE_PREVIEWS = YES;
				GENERATE_INFOPLIST_FILE = NO;
				INFOPLIST_FILE = leafyWidget/Info.plist;
				IPHONEOS_DEPLOYMENT_TARGET = 17.0;
				LD_RUNPATH_SEARCH_PATHS = (
					"$(inherited)",
					"@executable_path/Frameworks",
					"@executable_path/../../Frameworks",
				);
				MARKETING_VERSION = 2.5;
				PRODUCT_BUNDLE_IDENTIFIER = "com.isaachuo.leafy.leafy-widget";
				PRODUCT_NAME = "$(TARGET_NAME)";
				SKIP_INSTALL = YES;
				STRING_CATALOG_GENERATE_SYMBOLS = YES;
				SWIFT_APPROACHABLE_CONCURRENCY = YES;
				SWIFT_DEFAULT_ACTOR_ISOLATION = MainActor;
				SWIFT_EMIT_LOC_STRINGS = YES;
				SWIFT_UPCOMING_FEATURE_MEMBER_IMPORT_VISIBILITY = YES;
				SWIFT_VERSION = 5.0;
				TARGETED_DEVICE_FAMILY = "1,2";
			};
			name = Debug;
		};
		A1B2C3D4E5F600000000000E /* Release */ = {
			isa = XCBuildConfiguration;
			baseConfigurationReference = C0DEC0DE0000000000000002 /* Leafy.xcconfig */;
			buildSettings = {
				CODE_SIGN_ENTITLEMENTS = leafyWidget/leafyWidget.entitlements;
				CODE_SIGN_STYLE = Automatic;
				CURRENT_PROJECT_VERSION = 19;
				DEVELOPMENT_TEAM = G229WP43HH;
				ENABLE_PREVIEWS = YES;
				GENERATE_INFOPLIST_FILE = NO;
				INFOPLIST_FILE = leafyWidget/Info.plist;
				IPHONEOS_DEPLOYMENT_TARGET = 17.0;
				LD_RUNPATH_SEARCH_PATHS = (
					"$(inherited)",
					"@executable_path/Frameworks",
					"@executable_path/../../Frameworks",
				);
				MARKETING_VERSION = 2.5;
				PRODUCT_BUNDLE_IDENTIFIER = "com.isaachuo.leafy.leafy-widget";
				PRODUCT_NAME = "$(TARGET_NAME)";
				SKIP_INSTALL = YES;
				STRING_CATALOG_GENERATE_SYMBOLS = YES;
				SWIFT_APPROACHABLE_CONCURRENCY = YES;
				SWIFT_DEFAULT_ACTOR_ISOLATION = MainActor;
				SWIFT_EMIT_LOC_STRINGS = YES;
				SWIFT_UPCOMING_FEATURE_MEMBER_IMPORT_VISIBILITY = YES;
				SWIFT_VERSION = 5.0;
				TARGETED_DEVICE_FAMILY = "1,2";
			};
			name = Release;
		};
		EED100000000000000000007 /* Debug */ = {
			isa = XCBuildConfiguration;
			buildSettings = {
				BUNDLE_LOADER = "$(TEST_HOST)";
				CODE_SIGN_STYLE = Automatic;
				DEVELOPMENT_TEAM = G229WP43HH;
				GENERATE_INFOPLIST_FILE = YES;
				IPHONEOS_DEPLOYMENT_TARGET = 17.0;
				LD_RUNPATH_SEARCH_PATHS = (
					"$(inherited)",
					"@executable_path/Frameworks",
					"@loader_path/Frameworks",
				);
				PRODUCT_BUNDLE_IDENTIFIER = com.isaachuo.leafyTests;
				PRODUCT_NAME = "$(TARGET_NAME)";
				SWIFT_APPROACHABLE_CONCURRENCY = YES;
				SWIFT_DEFAULT_ACTOR_ISOLATION = MainActor;
				SWIFT_EMIT_LOC_STRINGS = NO;
				SWIFT_UPCOMING_FEATURE_MEMBER_IMPORT_VISIBILITY = YES;
				SWIFT_VERSION = 5.0;
				TARGETED_DEVICE_FAMILY = "1,2";
				TEST_HOST = "$(BUILT_PRODUCTS_DIR)/Leafy.app/$(BUNDLE_EXECUTABLE_FOLDER_PATH)/Leafy";
			};
			name = Debug;
		};
		EED100000000000000000008 /* Release */ = {
			isa = XCBuildConfiguration;
			buildSettings = {
				BUNDLE_LOADER = "$(TEST_HOST)";
				CODE_SIGN_STYLE = Automatic;
				DEVELOPMENT_TEAM = G229WP43HH;
				GENERATE_INFOPLIST_FILE = YES;
				IPHONEOS_DEPLOYMENT_TARGET = 17.0;
				LD_RUNPATH_SEARCH_PATHS = (
					"$(inherited)",
					"@executable_path/Frameworks",
					"@loader_path/Frameworks",
				);
				PRODUCT_BUNDLE_IDENTIFIER = com.isaachuo.leafyTests;
				PRODUCT_NAME = "$(TARGET_NAME)";
				SWIFT_APPROACHABLE_CONCURRENCY = YES;
				SWIFT_DEFAULT_ACTOR_ISOLATION = MainActor;
				SWIFT_EMIT_LOC_STRINGS = NO;
				SWIFT_UPCOMING_FEATURE_MEMBER_IMPORT_VISIBILITY = YES;
				SWIFT_VERSION = 5.0;
				TARGETED_DEVICE_FAMILY = "1,2";
				TEST_HOST = "$(BUILT_PRODUCTS_DIR)/Leafy.app/$(BUNDLE_EXECUTABLE_FOLDER_PATH)/Leafy";
			};
			name = Release;
		};
		F00D0000000000000000000D /* Debug */ = {
			isa = XCBuildConfiguration;
			baseConfigurationReference = C0DEC0DE0000000000000002 /* Leafy.xcconfig */;
			buildSettings = {
				CODE_SIGN_ENTITLEMENTS = LeafyShareExtension/LeafyShareExtension.entitlements;
				CODE_SIGN_STYLE = Automatic;
				CURRENT_PROJECT_VERSION = 19;
				DEVELOPMENT_TEAM = G229WP43HH;
				ENABLE_PREVIEWS = YES;
				GENERATE_INFOPLIST_FILE = NO;
				INFOPLIST_FILE = LeafyShareExtension/Info.plist;
				IPHONEOS_DEPLOYMENT_TARGET = 17.0;
				LD_RUNPATH_SEARCH_PATHS = (
					"$(inherited)",
					"@executable_path/Frameworks",
					"@executable_path/../../Frameworks",
				);
				MARKETING_VERSION = 2.5;
				PRODUCT_BUNDLE_IDENTIFIER = "com.isaachuo.leafy.share-extension";
				PRODUCT_NAME = "$(TARGET_NAME)";
				SKIP_INSTALL = YES;
				STRING_CATALOG_GENERATE_SYMBOLS = YES;
				SWIFT_APPROACHABLE_CONCURRENCY = YES;
				SWIFT_DEFAULT_ACTOR_ISOLATION = MainActor;
				SWIFT_EMIT_LOC_STRINGS = YES;
				SWIFT_UPCOMING_FEATURE_MEMBER_IMPORT_VISIBILITY = YES;
				SWIFT_VERSION = 5.0;
				TARGETED_DEVICE_FAMILY = "1,2";
			};
			name = Debug;
		};
		F00D0000000000000000000E /* Release */ = {
			isa = XCBuildConfiguration;
			baseConfigurationReference = C0DEC0DE0000000000000002 /* Leafy.xcconfig */;
			buildSettings = {
				CODE_SIGN_ENTITLEMENTS = LeafyShareExtension/LeafyShareExtension.entitlements;
				CODE_SIGN_STYLE = Automatic;
				CURRENT_PROJECT_VERSION = 19;
				DEVELOPMENT_TEAM = G229WP43HH;
				ENABLE_PREVIEWS = YES;
				GENERATE_INFOPLIST_FILE = NO;
				INFOPLIST_FILE = LeafyShareExtension/Info.plist;
				IPHONEOS_DEPLOYMENT_TARGET = 17.0;
				LD_RUNPATH_SEARCH_PATHS = (
					"$(inherited)",
					"@executable_path/Frameworks",
					"@executable_path/../../Frameworks",
				);
				MARKETING_VERSION = 2.5;
				PRODUCT_BUNDLE_IDENTIFIER = "com.isaachuo.leafy.share-extension";
				PRODUCT_NAME = "$(TARGET_NAME)";
				SKIP_INSTALL = YES;
				STRING_CATALOG_GENERATE_SYMBOLS = YES;
				SWIFT_APPROACHABLE_CONCURRENCY = YES;
				SWIFT_DEFAULT_ACTOR_ISOLATION = MainActor;
				SWIFT_EMIT_LOC_STRINGS = YES;
				SWIFT_UPCOMING_FEATURE_MEMBER_IMPORT_VISIBILITY = YES;
				SWIFT_VERSION = 5.0;
				TARGETED_DEVICE_FAMILY = "1,2";
			};
			name = Release;
		};
/* End XCBuildConfiguration section */

/* Begin XCConfigurationList section */
		1119CC072F976BA0002A7E20 /* Build configuration list for PBXProject "leafy" */ = {
			isa = XCConfigurationList;
			buildConfigurations = (
				1119CC172F976BA2002A7E20 /* Debug */,
				1119CC182F976BA2002A7E20 /* Release */,
			);
			defaultConfigurationIsVisible = 0;
			defaultConfigurationName = Release;
		};
		1119CC192F976BA2002A7E20 /* Build configuration list for PBXNativeTarget "Leafy" */ = {
			isa = XCConfigurationList;
			buildConfigurations = (
				1119CC1A2F976BA2002A7E20 /* Debug */,
				1119CC1B2F976BA2002A7E20 /* Release */,
			);
			defaultConfigurationIsVisible = 0;
			defaultConfigurationName = Release;
		};
		A1B2C3D4E5F600000000000A /* Build configuration list for PBXNativeTarget "LeafyWidgetExtension" */ = {
			isa = XCConfigurationList;
			buildConfigurations = (
				A1B2C3D4E5F600000000000D /* Debug */,
				A1B2C3D4E5F600000000000E /* Release */,
			);
			defaultConfigurationIsVisible = 0;
			defaultConfigurationName = Release;
		};
		EED100000000000000000009 /* Build configuration list for PBXNativeTarget "leafyTests" */ = {
			isa = XCConfigurationList;
			buildConfigurations = (
				EED100000000000000000007 /* Debug */,
				EED100000000000000000008 /* Release */,
			);
			defaultConfigurationIsVisible = 0;
			defaultConfigurationName = Release;
		};
		F00D0000000000000000000A /* Build configuration list for PBXNativeTarget "LeafyShareExtension" */ = {
			isa = XCConfigurationList;
			buildConfigurations = (
				F00D0000000000000000000D /* Debug */,
				F00D0000000000000000000E /* Release */,
			);
			defaultConfigurationIsVisible = 0;
			defaultConfigurationName = Release;
		};
/* End XCConfigurationList section */

/* Begin XCRemoteSwiftPackageReference section */
		1119CC222F977338002A7E20 /* XCRemoteSwiftPackageReference "SwiftSoup" */ = {
			isa = XCRemoteSwiftPackageReference;
			repositoryURL = "https://github.com/scinfu/SwiftSoup.git";
			requirement = {
				kind = upToNextMajorVersion;
				minimumVersion = 2.13.4;
			};
		};
		F1A0B1C2D3E4F50102030404 /* XCRemoteSwiftPackageReference "supabase-swift" */ = {
			isa = XCRemoteSwiftPackageReference;
			repositoryURL = "https://github.com/supabase/supabase-swift.git";
			requirement = {
				kind = upToNextMajorVersion;
				minimumVersion = 2.43.1;
			};
		};
/* End XCRemoteSwiftPackageReference section */

/* Begin XCSwiftPackageProductDependency section */
		1119CC232F977338002A7E20 /* SwiftSoup */ = {
			isa = XCSwiftPackageProductDependency;
			package = 1119CC222F977338002A7E20 /* XCRemoteSwiftPackageReference "SwiftSoup" */;
			productName = SwiftSoup;
		};
		F1A0B1C2D3E4F50102030406 /* Supabase */ = {
			isa = XCSwiftPackageProductDependency;
			package = F1A0B1C2D3E4F50102030404 /* XCRemoteSwiftPackageReference "supabase-swift" */;
			productName = Supabase;
		};
/* End XCSwiftPackageProductDependency section */
	};
	rootObject = 1119CC042F976BA0002A7E20 /* Project object */;
}
